{
	"name": "local-photos",
	"version": "0.0.2",
	"lockfileVersion": 2,
	"requires": true,
	"packages": {
		"": {
			"name": "local-photos",
			"version": "0.0.2",
			"devDependencies": {
				"rollup": "^3.8.1",
				"wmr": "^3.8.0",
				"workbox-recipes": "^6.5.4",
				"workbox-routing": "^6.5.4",
				"workbox-strategies": "^6.5.4"
			}
		},
		"node_modules/fsevents": {
			"version": "2.3.2",
			"resolved": "https://registry.npmjs.org/fsevents/-/fsevents-2.3.2.tgz",
			"integrity": "sha512-xiqMQR4xAeHTuB9uWm+fFRcIOgKBMiOBP+eXiyT7jsgVCq1bkVygt00oASowB7EdtpOHaaPgKt812P9ab+DDKA==",
			"dev": true,
			"hasInstallScript": true,
			"optional": true,
			"os": [
				"darwin"
			],
			"engines": {
				"node": "^8.16.0 || ^10.6.0 || >=11.0.0"
			}
		},
		"node_modules/idb": {
			"version": "7.1.1",
			"resolved": "https://registry.npmjs.org/idb/-/idb-7.1.1.tgz",
			"integrity": "sha512-gchesWBzyvGHRO9W8tzUWFDycow5gwjvFKfyV9FF32Y7F50yZMp7mP+T2mJIWFx49zicqyC4uefHM17o6xKIVQ==",
			"dev": true
		},
		"node_modules/rollup": {
			"version": "3.8.1",
			"resolved": "https://registry.npmjs.org/rollup/-/rollup-3.8.1.tgz",
			"integrity": "sha512-4yh9eMW7byOroYcN8DlF9P/2jCpu6txVIHjEqquQVSx7DI0RgyCCN3tjrcy4ra6yVtV336aLBB3v2AarYAxePQ==",
			"dev": true,
			"bin": {
				"rollup": "dist/bin/rollup"
			},
			"engines": {
				"node": ">=14.18.0",
				"npm": ">=8.0.0"
			},
			"optionalDependencies": {
				"fsevents": "~2.3.2"
			}
		},
		"node_modules/wmr": {
			"version": "3.8.0",
			"resolved": "https://registry.npmjs.org/wmr/-/wmr-3.8.0.tgz",
			"integrity": "sha512-W3f2nB80C9Y0uNZXWMoxINkz4HdBRxt5MvxmcFcMlO87Ybsf6ny23kVUUzU8RA2LX86CpReMHl2Y0BTMLezLRg==",
			"dev": true,
			"bin": {
				"wmr": "wmr.cjs"
			},
			"engines": {
				"node": ">=12.17.x"
			},
			"optionalDependencies": {
				"fsevents": "^2.1.3"
			}
		},
		"node_modules/workbox-cacheable-response": {
			"version": "6.5.4",
			"resolved": "https://registry.npmjs.org/workbox-cacheable-response/-/workbox-cacheable-response-6.5.4.tgz",
			"integrity": "sha512-DCR9uD0Fqj8oB2TSWQEm1hbFs/85hXXoayVwFKLVuIuxwJaihBsLsp4y7J9bvZbqtPJ1KlCkmYVGQKrBU4KAug==",
			"dev": true,
			"dependencies": {
				"workbox-core": "6.5.4"
			}
		},
		"node_modules/workbox-core": {
			"version": "6.5.4",
			"resolved": "https://registry.npmjs.org/workbox-core/-/workbox-core-6.5.4.tgz",
			"integrity": "sha512-OXYb+m9wZm8GrORlV2vBbE5EC1FKu71GGp0H4rjmxmF4/HLbMCoTFws87M3dFwgpmg0v00K++PImpNQ6J5NQ6Q==",
			"dev": true
		},
		"node_modules/workbox-expiration": {
			"version": "6.5.4",
			"resolved": "https://registry.npmjs.org/workbox-expiration/-/workbox-expiration-6.5.4.tgz",
			"integrity": "sha512-jUP5qPOpH1nXtjGGh1fRBa1wJL2QlIb5mGpct3NzepjGG2uFFBn4iiEBiI9GUmfAFR2ApuRhDydjcRmYXddiEQ==",
			"dev": true,
			"dependencies": {
				"idb": "^7.0.1",
				"workbox-core": "6.5.4"
			}
		},
		"node_modules/workbox-precaching": {
			"version": "6.5.4",
			"resolved": "https://registry.npmjs.org/workbox-precaching/-/workbox-precaching-6.5.4.tgz",
			"integrity": "sha512-hSMezMsW6btKnxHB4bFy2Qfwey/8SYdGWvVIKFaUm8vJ4E53JAY+U2JwLTRD8wbLWoP6OVUdFlXsTdKu9yoLTg==",
			"dev": true,
			"dependencies": {
				"workbox-core": "6.5.4",
				"workbox-routing": "6.5.4",
				"workbox-strategies": "6.5.4"
			}
		},
		"node_modules/workbox-recipes": {
			"version": "6.5.4",
			"resolved": "https://registry.npmjs.org/workbox-recipes/-/workbox-recipes-6.5.4.tgz",
			"integrity": "sha512-QZNO8Ez708NNwzLNEXTG4QYSKQ1ochzEtRLGaq+mr2PyoEIC1xFW7MrWxrONUxBFOByksds9Z4//lKAX8tHyUA==",
			"dev": true,
			"dependencies": {
				"workbox-cacheable-response": "6.5.4",
				"workbox-core": "6.5.4",
				"workbox-expiration": "6.5.4",
				"workbox-precaching": "6.5.4",
				"workbox-routing": "6.5.4",
				"workbox-strategies": "6.5.4"
			}
		},
		"node_modules/workbox-routing": {
			"version": "6.5.4",
			"resolved": "https://registry.npmjs.org/workbox-routing/-/workbox-routing-6.5.4.tgz",
			"integrity": "sha512-apQswLsbrrOsBUWtr9Lf80F+P1sHnQdYodRo32SjiByYi36IDyL2r7BH1lJtFX8fwNHDa1QOVY74WKLLS6o5Pg==",
			"dev": true,
			"dependencies": {
				"workbox-core": "6.5.4"
			}
		},
		"node_modules/workbox-strategies": {
			"version": "6.5.4",
			"resolved": "https://registry.npmjs.org/workbox-strategies/-/workbox-strategies-6.5.4.tgz",
			"integrity": "sha512-DEtsxhx0LIYWkJBTQolRxG4EI0setTJkqR4m7r4YpBdxtWJH1Mbg01Cj8ZjNOO8etqfA3IZaOPHUxCs8cBsKLw==",
			"dev": true,
			"dependencies": {
				"workbox-core": "6.5.4"
			}
		}
	},
	"dependencies": {
		"fsevents": {
			"version": "2.3.2",
			"resolved": "https://registry.npmjs.org/fsevents/-/fsevents-2.3.2.tgz",
			"integrity": "sha512-xiqMQR4xAeHTuB9uWm+fFRcIOgKBMiOBP+eXiyT7jsgVCq1bkVygt00oASowB7EdtpOHaaPgKt812P9ab+DDKA==",
			"dev": true,
			"optional": true
		},
		"idb": {
			"version": "7.1.1",
			"resolved": "https://registry.npmjs.org/idb/-/idb-7.1.1.tgz",
			"integrity": "sha512-gchesWBzyvGHRO9W8tzUWFDycow5gwjvFKfyV9FF32Y7F50yZMp7mP+T2mJIWFx49zicqyC4uefHM17o6xKIVQ==",
			"dev": true
		},
		"rollup": {
			"version": "3.8.1",
			"resolved": "https://registry.npmjs.org/rollup/-/rollup-3.8.1.tgz",
			"integrity": "sha512-4yh9eMW7byOroYcN8DlF9P/2jCpu6txVIHjEqquQVSx7DI0RgyCCN3tjrcy4ra6yVtV336aLBB3v2AarYAxePQ==",
			"dev": true,
			"requires": {
				"fsevents": "~2.3.2"
			}
		},
		"wmr": {
			"version": "3.8.0",
			"resolved": "https://registry.npmjs.org/wmr/-/wmr-3.8.0.tgz",
			"integrity": "sha512-W3f2nB80C9Y0uNZXWMoxINkz4HdBRxt5MvxmcFcMlO87Ybsf6ny23kVUUzU8RA2LX86CpReMHl2Y0BTMLezLRg==",
			"dev": true,
			"requires": {
				"fsevents": "^2.1.3"
			}
		},
		"workbox-cacheable-response": {
			"version": "6.5.4",
			"resolved": "https://registry.npmjs.org/workbox-cacheable-response/-/workbox-cacheable-response-6.5.4.tgz",
			"integrity": "sha512-DCR9uD0Fqj8oB2TSWQEm1hbFs/85hXXoayVwFKLVuIuxwJaihBsLsp4y7J9bvZbqtPJ1KlCkmYVGQKrBU4KAug==",
			"dev": true,
			"requires": {
				"workbox-core": "6.5.4"
			}
		},
		"workbox-core": {
			"version": "6.5.4",
			"resolved": "https://registry.npmjs.org/workbox-core/-/workbox-core-6.5.4.tgz",
			"integrity": "sha512-OXYb+m9wZm8GrORlV2vBbE5EC1FKu71GGp0H4rjmxmF4/HLbMCoTFws87M3dFwgpmg0v00K++PImpNQ6J5NQ6Q==",
			"dev": true
		},
		"workbox-expiration": {
			"version": "6.5.4",
			"resolved": "https://registry.npmjs.org/workbox-expiration/-/workbox-expiration-6.5.4.tgz",
			"integrity": "sha512-jUP5qPOpH1nXtjGGh1fRBa1wJL2QlIb5mGpct3NzepjGG2uFFBn4iiEBiI9GUmfAFR2ApuRhDydjcRmYXddiEQ==",
			"dev": true,
			"requires": {
				"idb": "^7.0.1",
				"workbox-core": "6.5.4"
			}
		},
		"workbox-precaching": {
			"version": "6.5.4",
			"resolved": "https://registry.npmjs.org/workbox-precaching/-/workbox-precaching-6.5.4.tgz",
			"integrity": "sha512-hSMezMsW6btKnxHB4bFy2Qfwey/8SYdGWvVIKFaUm8vJ4E53JAY+U2JwLTRD8wbLWoP6OVUdFlXsTdKu9yoLTg==",
			"dev": true,
			"requires": {
				"workbox-core": "6.5.4",
				"workbox-routing": "6.5.4",
				"workbox-strategies": "6.5.4"
			}
		},
		"workbox-recipes": {
			"version": "6.5.4",
			"resolved": "https://registry.npmjs.org/workbox-recipes/-/workbox-recipes-6.5.4.tgz",
			"integrity": "sha512-QZNO8Ez708NNwzLNEXTG4QYSKQ1ochzEtRLGaq+mr2PyoEIC1xFW7MrWxrONUxBFOByksds9Z4//lKAX8tHyUA==",
			"dev": true,
			"requires": {
				"workbox-cacheable-response": "6.5.4",
				"workbox-core": "6.5.4",
				"workbox-expiration": "6.5.4",
				"workbox-precaching": "6.5.4",
				"workbox-routing": "6.5.4",
				"workbox-strategies": "6.5.4"
			}
		},
		"workbox-routing": {
			"version": "6.5.4",
			"resolved": "https://registry.npmjs.org/workbox-routing/-/workbox-routing-6.5.4.tgz",
			"integrity": "sha512-apQswLsbrrOsBUWtr9Lf80F+P1sHnQdYodRo32SjiByYi36IDyL2r7BH1lJtFX8fwNHDa1QOVY74WKLLS6o5Pg==",
			"dev": true,
			"requires": {
				"workbox-core": "6.5.4"
			}
		},
		"workbox-strategies": {
			"version": "6.5.4",
			"resolved": "https://registry.npmjs.org/workbox-strategies/-/workbox-strategies-6.5.4.tgz",
			"integrity": "sha512-DEtsxhx0LIYWkJBTQolRxG4EI0setTJkqR4m7r4YpBdxtWJH1Mbg01Cj8ZjNOO8etqfA3IZaOPHUxCs8cBsKLw==",
			"dev": true,
			"requires": {
				"workbox-core": "6.5.4"
			}
		}
	}
}
